
Microsoft Visual Studio Solution File, Format Version 12.00
# Visual Studio Version 16
VisualStudioVersion = 16.0.31005.135
MinimumVisualStudioVersion = 10.0.40219.1
Project("{9A19103F-16F7-4668-BE54-9A1E7A4F7556}") = "CheckItOut.Ui.Web", "src\CheckItOut.Ui.Web\CheckItOut.Ui.Web.csproj", "{15C26939-5C3D-402B-82B9-C67A96CAC9AD}"
EndProject
Project("{9A19103F-16F7-4668-BE54-9A1E7A4F7556}") = "CheckItOut.Query.Api.Http", "src\CheckItOut.Query.Api.Http\CheckItOut.Query.Api.Http.csproj", "{0F5CA2B0-50F2-4458-A336-0C56422C98F3}"
EndProject
Project("{2150E333-8FDC-42A3-9474-1A3956D46DE8}") = "src", "src", "{14954096-C592-4031-96A4-4938C37BB7F8}"
EndProject
Global
	GlobalSection(SolutionConfigurationPlatforms) = preSolution
		Debug|Any CPU = Debug|Any CPU
		Release|Any CPU = Release|Any CPU
	EndGlobalSection
	GlobalSection(ProjectConfigurationPlatforms) = postSolution
		{15C26939-5C3D-402B-82B9-C67A96CAC9AD}.Debug|Any CPU.ActiveCfg = Debug|Any CPU
		{15C26939-5C3D-402B-82B9-C67A96CAC9AD}.Debug|Any CPU.Build.0 = Debug|Any CPU
		{15C26939-5C3D-402B-82B9-C67A96CAC9AD}.Release|Any CPU.ActiveCfg = Release|Any CPU
		{15C26939-5C3D-402B-82B9-C67A96CAC9AD}.Release|Any CPU.Build.0 = Release|Any CPU
		{0F5CA2B0-50F2-4458-A336-0C56422C98F3}.Debug|Any CPU.ActiveCfg = Debug|Any CPU
		{0F5CA2B0-50F2-4458-A336-0C56422C98F3}.Debug|Any CPU.Build.0 = Debug|Any CPU
		{0F5CA2B0-50F2-4458-A336-0C56422C98F3}.Release|Any CPU.ActiveCfg = Release|Any CPU
		{0F5CA2B0-50F2-4458-A336-0C56422C98F3}.Release|Any CPU.Build.0 = Release|Any CPU
	EndGlobalSection
	GlobalSection(SolutionProperties) = preSolution
		HideSolutionNode = FALSE
	EndGlobalSection
	GlobalSection(NestedProjects) = preSolution
		{15C26939-5C3D-402B-82B9-C67A96CAC9AD} = {14954096-C592-4031-96A4-4938C37BB7F8}
		{0F5CA2B0-50F2-4458-A336-0C56422C98F3} = {14954096-C592-4031-96A4-4938C37BB7F8}
	EndGlobalSection
	GlobalSection(ExtensibilityGlobals) = postSolution
		SolutionGuid = {CCA4D0CC-5A11-4035-9B6E-E5A477209C8A}
	EndGlobalSection
EndGlobal
